// !$*UTF8*$!
{
	archiveVersion = 1;
	classes = {
	};
	objectVersion = 77;
	objects = {

/* Begin PBXBuildFile section */
		3F56D02F2F507EC700B73317 /* OpenAPIRuntime in Frameworks */ = {isa = PBXBuildFile; productRef = 3F56D02E2F507EC700B73317 /* OpenAPIRuntime */; };
		3F56D0322F507EDF00B73317 /* OpenAPIURLSession in Frameworks */ = {isa = PBXBuildFile; productRef = 3F56D0312F507EDF00B73317 /* OpenAPIURLSession */; };
		3F74325B2F5FAE5200BEEA8B /* Kingfisher in Frameworks */ = {isa = PBXBuildFile; productRef = 3F74325A2F5FAE5200BEEA8B /* Kingfisher */; };
/* End PBXBuildFile section */

/* Begin PBXContainerItemProxy section */
		3F56D0002F4F9F9200B73317 /* PBXContainerItemProxy */ = {
			isa = PBXContainerItemProxy;
			containerPortal = 3F56CFEA2F4F9F9000B73317 /* Project object */;
			proxyType = 1;
			remoteGlobalIDString = 3F56CFF12F4F9F9000B73317;
			remoteInfo = TripSchedule;
		};
		3F56D00A2F4F9F9200B73317 /* PBXContainerItemProxy */ = {
			isa = PBXContainerItemProxy;
			containerPortal = 3F56CFEA2F4F9F9000B73317 /* Project object */;
			proxyType = 1;
			remoteGlobalIDString = 3F56CFF12F4F9F9000B73317;
			remoteInfo = TripSchedule;
		};
/* End PBXContainerItemProxy section */

/* Begin PBXFileReference section */
		3F56CFF22F4F9F9000B73317 /* TripSchedule.app */ = {isa = PBXFileReference; explicitFileType = wrapper.application; includeInIndex = 0; path = TripSchedule.app; sourceTree = BUILT_PRODUCTS_DIR; };
		3F56CFFF2F4F9F9200B73317 /* TripScheduleTests.xctest */ = {isa = PBXFileReference; explicitFileType = wrapper.cfbundle; includeInIndex = 0; path = TripScheduleTests.xctest; sourceTree = BUILT_PRODUCTS_DIR; };
		3F56D0092F4F9F9200B73317 /* TripScheduleUITests.xctest */ = {isa = PBXFileReference; explicitFileType = wrapper.cfbundle; includeInIndex = 0; path = TripScheduleUITests.xctest; sourceTree = BUILT_PRODUCTS_DIR; };
/* End PBXFileReference section */

/* Begin PBXFileSystemSynchronizedRootGroup section */
		3F56CFF42F4F9F9000B73317 /* TripSchedule */ = {
			isa = PBXFileSystemSynchronizedRootGroup;
			path = TripSchedule;
			sourceTree = "<group>";
		};
		3F56D0022F4F9F9200B73317 /* TripScheduleTests */ = {
			isa = PBXFileSystemSynchronizedRootGroup;
			path = TripScheduleTests;
			sourceTree = "<group>";
		};
		3F56D00C2F4F9F9200B73317 /* TripScheduleUITests */ = {
			isa = PBXFileSystemSynchronizedRootGroup;
			path = TripScheduleUITests;
			sourceTree = "<group>";
		};
/* End PBXFileSystemSynchronizedRootGroup section */

/* Begin PBXFrameworksBuildPhase section */
		3F56CFEF2F4F9F9000B73317 /* Frameworks */ = {
			isa = PBXFrameworksBuildPhase;
			buildActionMask = 2147483647;
			files = (
				3F74325B2F5FAE5200BEEA8B /* Kingfisher in Frameworks */,
				3F56D0322F507EDF00B73317 /* OpenAPIURLSession in Frameworks */,
				3F56D02F2F507EC700B73317 /* OpenAPIRuntime in Frameworks */,
			);
			runOnlyForDeploymentPostprocessing = 0;
		};
		3F56CFFC2F4F9F9200B73317 /* Frameworks */ = {
			isa = PBXFrameworksBuildPhase;
			buildActionMask = 2147483647;
			files = (
			);
			runOnlyForDeploymentPostprocessing = 0;
		};
		3F56D0062F4F9F9200B73317 /* Frameworks */ = {
			isa = PBXFrameworksBuildPhase;
			buildActionMask = 2147483647;
			files = (
			);
			runOnlyForDeploymentPostprocessing = 0;
		};
/* End PBXFrameworksBuildPhase section */

/* Begin PBXGroup section */
		3F56CFE92F4F9F9000B73317 = {
			isa = PBXGroup;
			children = (
				3F56CFF42F4F9F9000B73317 /* TripSchedule */,
				3F56D0022F4F9F9200B73317 /* TripScheduleTests */,
				3F56D00C2F4F9F9200B73317 /* TripScheduleUITests */,
				3F56CFF32F4F9F9000B73317 /* Products */,
			);
			sourceTree = "<group>";
		};
		3F56CFF32F4F9F9000B73317 /* Products */ = {
			isa = PBXGroup;
			children = (
				3F56CFF22F4F9F9000B73317 /* TripSchedule.app */,
				3F56CFFF2F4F9F9200B73317 /* TripScheduleTests.xctest */,
				3F56D0092F4F9F9200B73317 /* TripScheduleUITests.xctest */,
			);
			name = Products;
			sourceTree = "<group>";
		};
/* End PBXGroup section */

/* Begin PBXNativeTarget section */
		3F56CFF12F4F9F9000B73317 /* TripSchedule */ = {
			isa = PBXNativeTarget;
			buildConfigurationList = 3F56D0132F4F9F9200B73317 /* Build configuration list for PBXNativeTarget "TripSchedule" */;
			buildPhases = (
				3F56CFEE2F4F9F9000B73317 /* Sources */,
				3F56CFEF2F4F9F9000B73317 /* Frameworks */,
				3F56CFF02F4F9F9000B73317 /* Resources */,
			);
			buildRules = (
			);
			dependencies = (
				3F56D0392F507F3D00B73317 /* PBXTargetDependency */,
			);
			fileSystemSynchronizedGroups = (
				3F56CFF42F4F9F9000B73317 /* TripSchedule */,
			);
			name = TripSchedule;
			packageProductDependencies = (
				3F56D02E2F507EC700B73317 /* OpenAPIRuntime */,
				3F56D0312F507EDF00B73317 /* OpenAPIURLSession */,
				3F74325A2F5FAE5200BEEA8B /* Kingfisher */,
			);
			productName = TripSchedule;
			productReference = 3F56CFF22F4F9F9000B73317 /* TripSchedule.app */;
			productType = "com.apple.product-type.application";
		};
		3F56CFFE2F4F9F9200B73317 /* TripScheduleTests */ = {
			isa = PBXNativeTarget;
			buildConfigurationList = 3F56D0162F4F9F9200B73317 /* Build configuration list for PBXNativeTarget "TripScheduleTests" */;
			buildPhases = (
				3F56CFFB2F4F9F9200B73317 /* Sources */,
				3F56CFFC2F4F9F9200B73317 /* Frameworks */,
				3F56CFFD2F4F9F9200B73317 /* Resources */,
			);
			buildRules = (
			);
			dependencies = (
				3F56D0012F4F9F9200B73317 /* PBXTargetDependency */,
			);
			fileSystemSynchronizedGroups = (
				3F56D0022F4F9F9200B73317 /* TripScheduleTests */,
			);
			name = TripScheduleTests;
			packageProductDependencies = (
			);
			productName = TripScheduleTests;
			productReference = 3F56CFFF2F4F9F9200B73317 /* TripScheduleTests.xctest */;
			productType = "com.apple.product-type.bundle.unit-test";
		};
		3F56D0082F4F9F9200B73317 /* TripScheduleUITests */ = {
			isa = PBXNativeTarget;
			buildConfigurationList = 3F56D0192F4F9F9200B73317 /* Build configuration list for PBXNativeTarget "TripScheduleUITests" */;
			buildPhases = (
				3F56D0052F4F9F9200B73317 /* Sources */,
				3F56D0062F4F9F9200B73317 /* Frameworks */,
				3F56D0072F4F9F9200B73317 /* Resources */,
			);
			buildRules = (
			);
			dependencies = (
				3F56D00B2F4F9F9200B73317 /* PBXTargetDependency */,
			);
			fileSystemSynchronizedGroups = (
				3F56D00C2F4F9F9200B73317 /* TripScheduleUITests */,
			);
			name = TripScheduleUITests;
			packageProductDependencies = (
			);
			productName = TripScheduleUITests;
			productReference = 3F56D0092F4F9F9200B73317 /* TripScheduleUITests.xctest */;
			productType = "com.apple.product-type.bundle.ui-testing";
		};
/* End PBXNativeTarget section */

/* Begin PBXProject section */
		3F56CFEA2F4F9F9000B73317 /* Project object */ = {
			isa = PBXProject;
			attributes = {
				BuildIndependentTargetsInParallel = 1;
				LastSwiftUpdateCheck = 2620;
				LastUpgradeCheck = 2620;
				TargetAttributes = {
					3F56CFF12F4F9F9000B73317 = {
						CreatedOnToolsVersion = 26.2;
					};
					3F56CFFE2F4F9F9200B73317 = {
						CreatedOnToolsVersion = 26.2;
						TestTargetID = 3F56CFF12F4F9F9000B73317;
					};
					3F56D0082F4F9F9200B73317 = {
						CreatedOnToolsVersion = 26.2;
						TestTargetID = 3F56CFF12F4F9F9000B73317;
					};
				};
			};
			buildConfigurationList = 3F56CFED2F4F9F9000B73317 /* Build configuration list for PBXProject "TripSchedule" */;
			developmentRegion = en;
			hasScannedForEncodings = 0;
			knownRegions = (
				en,
				Base,
			);
			mainGroup = 3F56CFE92F4F9F9000B73317;
			minimizedProjectReferenceProxies = 1;
			packageReferences = (
				3F56D02D2F507EC700B73317 /* XCRemoteSwiftPackageReference "swift-openapi-runtime" */,
				3F56D0302F507EDF00B73317 /* XCRemoteSwiftPackageReference "swift-openapi-urlsession" */,
				3F56D0332F507F2300B73317 /* XCRemoteSwiftPackageReference "swift-openapi-generator" */,
				3F7432592F5FAE5100BEEA8B /* XCRemoteSwiftPackageReference "Kingfisher" */,
			);
			preferredProjectObjectVersion = 77;
			productRefGroup = 3F56CFF32F4F9F9000B73317 /* Products */;
			projectDirPath = "";
			projectRoot = "";
			targets = (
				3F56CFF12F4F9F9000B73317 /* TripSchedule */,
				3F56CFFE2F4F9F9200B73317 /* TripScheduleTests */,
				3F56D0082F4F9F9200B73317 /* TripScheduleUITests */,
			);
		};
/* End PBXProject section */

/* Begin PBXResourcesBuildPhase section */
		3F56CFF02F4F9F9000B73317 /* Resources */ = {
			isa = PBXResourcesBuildPhase;
			buildActionMask = 2147483647;
			files = (
			);
			runOnlyForDeploymentPostprocessing = 0;
		};
		3F56CFFD2F4F9F9200B73317 /* Resources */ = {
			isa = PBXResourcesBuildPhase;
			buildActionMask = 2147483647;
			files = (
			);
			runOnlyForDeploymentPostprocessing = 0;
		};
		3F56D0072F4F9F9200B73317 /* Resources */ = {
			isa = PBXResourcesBuildPhase;
			buildActionMask = 2147483647;
			files = (
			);
			runOnlyForDeploymentPostprocessing = 0;
		};
/* End PBXResourcesBuildPhase section */

/* Begin PBXSourcesBuildPhase section */
		3F56CFEE2F4F9F9000B73317 /* Sources */ = {
			isa = PBXSourcesBuildPhase;
			buildActionMask = 2147483647;
			files = (
			);
			runOnlyForDeploymentPostprocessing = 0;
		};
		3F56CFFB2F4F9F9200B73317 /* Sources */ = {
			isa = PBXSourcesBuildPhase;
			buildActionMask = 2147483647;
			files = (
			);
			runOnlyForDeploymentPostprocessing = 0;
		};
		3F56D0052F4F9F9200B73317 /* Sources */ = {
			isa = PBXSourcesBuildPhase;
			buildActionMask = 2147483647;
			files = (
			);
			runOnlyForDeploymentPostprocessing = 0;
		};
/* End PBXSourcesBuildPhase section */

/* Begin PBXTargetDependency section */
		3F56D0012F4F9F9200B73317 /* PBXTargetDependency */ = {
			isa = PBXTargetDependency;
			target = 3F56CFF12F4F9F9000B73317 /* TripSchedule */;
			targetProxy = 3F56D0002F4F9F9200B73317 /* PBXContainerItemProxy */;
		};
		3F56D00B2F4F9F9200B73317 /* PBXTargetDependency */ = {
			isa = PBXTargetDependency;
			target = 3F56CFF12F4F9F9000B73317 /* TripSchedule */;
			targetProxy = 3F56D00A2F4F9F9200B73317 /* PBXContainerItemProxy */;
		};
		3F56D0392F507F3D00B73317 /* PBXTargetDependency */ = {
			isa = PBXTargetDependency;
			productRef = 3F56D0382F507F3D00B73317 /* OpenAPIGenerator */;
		};
/* End PBXTargetDependency section */

/* Begin XCBuildConfiguration section */
		3F56D0112F4F9F9200B73317 /* Debug */ = {
			isa = XCBuildConfiguration;
			buildSettings = {
				ALWAYS_SEARCH_USER_PATHS = NO;
				ASSETCATALOG_COMPILER_GENERATE_SWIFT_ASSET_SYMBOL_EXTENSIONS = YES;
				CLANG_ANALYZER_NONNULL = YES;
				CLANG_ANALYZER_NUMBER_OBJECT_CONVERSION = YES_AGGRESSIVE;
				CLANG_CXX_LANGUAGE_STANDARD = "gnu++20";
				CLANG_ENABLE_MODULES = YES;
				CLANG_ENABLE_OBJC_ARC = YES;
				CLANG_ENABLE_OBJC_WEAK = YES;
				CLANG_WARN_BLOCK_CAPTURE_AUTORELEASING = YES;
				CLANG_WARN_BOOL_CONVERSION = YES;
				CLANG_WARN_COMMA = YES;
				CLANG_WARN_CONSTANT_CONVERSION = YES;
				CLANG_WARN_DEPRECATED_OBJC_IMPLEMENTATIONS = YES;
				CLANG_WARN_DIRECT_OBJC_ISA_USAGE = YES_ERROR;
				CLANG_WARN_DOCUMENTATION_COMMENTS = YES;
				CLANG_WARN_EMPTY_BODY = YES;
				CLANG_WARN_ENUM_CONVERSION = YES;
				CLANG_WARN_INFINITE_RECURSION = YES;
				CLANG_WARN_INT_CONVERSION = YES;
				CLANG_WARN_NON_LITERAL_NULL_CONVERSION = YES;
				CLANG_WARN_OBJC_IMPLICIT_RETAIN_SELF = YES;
				CLANG_WARN_OBJC_LITERAL_CONVERSION = YES;
				CLANG_WARN_OBJC_ROOT_CLASS = YES_ERROR;
				CLANG_WARN_QUOTED_INCLUDE_IN_FRAMEWORK_HEADER = YES;
				CLANG_WARN_RANGE_LOOP_ANALYSIS = YES;
				CLANG_WARN_STRICT_PROTOTYPES = YES;
				CLANG_WARN_SUSPICIOUS_MOVE = YES;
				CLANG_WARN_UNGUARDED_AVAILABILITY = YES_AGGRESSIVE;
				CLANG_WARN_UNREACHABLE_CODE = YES;
				CLANG_WARN__DUPLICATE_METHOD_MATCH = YES;
				COPY_PHASE_STRIP = NO;
				DEBUG_INFORMATION_FORMAT = dwarf;
				DEVELOPMENT_TEAM = 98R3GL2LW5;
				ENABLE_STRICT_OBJC_MSGSEND = YES;
				ENABLE_TESTABILITY = YES;
				ENABLE_USER_SCRIPT_SANDBOXING = YES;
				GCC_C_LANGUAGE_STANDARD = gnu17;
				GCC_DYNAMIC_NO_PIC = NO;
				GCC_NO_COMMON_BLOCKS = YES;
				GCC_OPTIMIZATION_LEVEL = 0;
				GCC_PREPROCESSOR_DEFINITIONS = (
					"DEBUG=1",
					"$(inherited)",
				);
				GCC_WARN_64_TO_32_BIT_CONVERSION = YES;
				GCC_WARN_ABOUT_RETURN_TYPE = YES_ERROR;
				GCC_WARN_UNDECLARED_SELECTOR = YES;
				GCC_WARN_UNINITIALIZED_AUTOS = YES_AGGRESSIVE;
				GCC_WARN_UNUSED_FUNCTION = YES;
				GCC_WARN_UNUSED_VARIABLE = YES;
				IPHONEOS_DEPLOYMENT_TARGET = 26.2;
				LOCALIZATION_PREFERS_STRING_CATALOGS = YES;
				MTL_ENABLE_DEBUG_INFO = INCLUDE_SOURCE;
				MTL_FAST_MATH = YES;
				ONLY_ACTIVE_ARCH = YES;
				SDKROOT = iphoneos;
				SWIFT_ACTIVE_COMPILATION_CONDITIONS = "DEBUG $(inherited)";
				SWIFT_OPTIMIZATION_LEVEL = "-Onone";
			};
			name = Debug;
		};
		3F56D0122F4F9F9200B73317 /* Release */ = {
			isa = XCBuildConfiguration;
			buildSettings = {
				ALWAYS_SEARCH_USER_PATHS = NO;
				ASSETCATALOG_COMPILER_GENERATE_SWIFT_ASSET_SYMBOL_EXTENSIONS = YES;
				CLANG_ANALYZER_NONNULL = YES;
				CLANG_ANALYZER_NUMBER_OBJECT_CONVERSION = YES_AGGRESSIVE;
				CLANG_CXX_LANGUAGE_STANDARD = "gnu++20";
				CLANG_ENABLE_MODULES = YES;
				CLANG_ENABLE_OBJC_ARC = YES;
				CLANG_ENABLE_OBJC_WEAK = YES;
				CLANG_WARN_BLOCK_CAPTURE_AUTORELEASING = YES;
				CLANG_WARN_BOOL_CONVERSION = YES;
				CLANG_WARN_COMMA = YES;
				CLANG_WARN_CONSTANT_CONVERSION = YES;
				CLANG_WARN_DEPRECATED_OBJC_IMPLEMENTATIONS = YES;
				CLANG_WARN_DIRECT_OBJC_ISA_USAGE = YES_ERROR;
				CLANG_WARN_DOCUMENTATION_COMMENTS = YES;
				CLANG_WARN_EMPTY_BODY = YES;
				CLANG_WARN_ENUM_CONVERSION = YES;
				CLANG_WARN_INFINITE_RECURSION = YES;
				CLANG_WARN_INT_CONVERSION = YES;
				CLANG_WARN_NON_LITERAL_NULL_CONVERSION = YES;
				CLANG_WARN_OBJC_IMPLICIT_RETAIN_SELF = YES;
				CLANG_WARN_OBJC_LITERAL_CONVERSION = YES;
				CLANG_WARN_OBJC_ROOT_CLASS = YES_ERROR;
				CLANG_WARN_QUOTED_INCLUDE_IN_FRAMEWORK_HEADER = YES;
				CLANG_WARN_RANGE_LOOP_ANALYSIS = YES;
				CLANG_WARN_STRICT_PROTOTYPES = YES;
				CLANG_WARN_SUSPICIOUS_MOVE = YES;
				CLANG_WARN_UNGUARDED_AVAILABILITY = YES_AGGRESSIVE;
				CLANG_WARN_UNREACHABLE_CODE = YES;
				CLANG_WARN__DUPLICATE_METHOD_MATCH = YES;
				COPY_PHASE_STRIP = NO;
				DEBUG_INFORMATION_FORMAT = "dwarf-with-dsym";
				DEVELOPMENT_TEAM = 98R3GL2LW5;
				ENABLE_NS_ASSERTIONS = NO;
				ENABLE_STRICT_OBJC_MSGSEND = YES;
				ENABLE_USER_SCRIPT_SANDBOXING = YES;
				GCC_C_LANGUAGE_STANDARD = gnu17;
				GCC_NO_COMMON_BLOCKS = YES;
				GCC_WARN_64_TO_32_BIT_CONVERSION = YES;
				GCC_WARN_ABOUT_RETURN_TYPE = YES_ERROR;
				GCC_WARN_UNDECLARED_SELECTOR = YES;
				GCC_WARN_UNINITIALIZED_AUTOS = YES_AGGRESSIVE;
				GCC_WARN_UNUSED_FUNCTION = YES;
				GCC_WARN_UNUSED_VARIABLE = YES;
				IPHONEOS_DEPLOYMENT_TARGET = 26.2;
				LOCALIZATION_PREFERS_STRING_CATALOGS = YES;
				MTL_ENABLE_DEBUG_INFO = NO;
				MTL_FAST_MATH = YES;
				SDKROOT = iphoneos;
				SWIFT_COMPILATION_MODE = wholemodule;
				VALIDATE_PRODUCT = YES;
			};
			name = Release;
		};
		3F56D0142F4F9F9200B73317 /* Debug */ = {
			isa = XCBuildConfiguration;
			buildSettings = {
				ASSETCATALOG_COMPILER_APPICON_NAME = AppIcon;
				ASSETCATALOG_COMPILER_GLOBAL_ACCENT_COLOR_NAME = AccentColor;
				CODE_SIGN_STYLE = Automatic;
				CURRENT_PROJECT_VERSION = 1;
				DEVELOPMENT_TEAM = 98R3GL2LW5;
				ENABLE_PREVIEWS = YES;
				GENERATE_INFOPLIST_FILE = YES;
				INFOPLIST_KEY_UIApplicationSceneManifest_Generation = YES;
				INFOPLIST_KEY_UIApplicationSupportsIndirectInputEvents = YES;
				INFOPLIST_KEY_UILaunchScreen_Generation = YES;
				INFOPLIST_KEY_UILaunchStoryboardName = "Launch Screen.storyboard";
				INFOPLIST_KEY_UISupportedInterfaceOrientations_iPad = "UIInterfaceOrientationPortrait UIInterfaceOrientationPortraitUpsideDown UIInterfaceOrientationLandscapeLeft UIInterfaceOrientationLandscapeRight";
				INFOPLIST_KEY_UISupportedInterfaceOrientations_iPhone = UIInterfaceOrientationPortrait;
				IPHONEOS_DEPLOYMENT_TARGET = 17.0;
				LD_RUNPATH_SEARCH_PATHS = (
					"$(inherited)",
					"@executable_path/Frameworks",
				);
				MARKETING_VERSION = 1.0;
				PRODUCT_BUNDLE_IDENTIFIER = ru.RacyFiend17.TripSchedule;
				PRODUCT_NAME = "$(TARGET_NAME)";
				STRING_CATALOG_GENERATE_SYMBOLS = YES;
				SUPPORTED_PLATFORMS = "iphoneos iphonesimulator";
				SUPPORTS_MACCATALYST = NO;
				SUPPORTS_MAC_DESIGNED_FOR_IPHONE_IPAD = NO;
				SUPPORTS_XR_DESIGNED_FOR_IPHONE_IPAD = NO;
				SWIFT_APPROACHABLE_CONCURRENCY = YES;
				SWIFT_DEFAULT_ACTOR_ISOLATION = MainActor;
				SWIFT_EMIT_LOC_STRINGS = YES;
				SWIFT_STRICT_CONCURRENCY = complete;
				SWIFT_UPCOMING_FEATURE_MEMBER_IMPORT_VISIBILITY = YES;
				SWIFT_VERSION = 5.0;
				TARGETED_DEVICE_FAMILY = 1;
			};
			name = Debug;
		};
		3F56D0152F4F9F9200B73317 /* Release */ = {
			isa = XCBuildConfiguration;
			buildSettings = {
				ASSETCATALOG_COMPILER_APPICON_NAME = AppIcon;
				ASSETCATALOG_COMPILER_GLOBAL_ACCENT_COLOR_NAME = AccentColor;
				CODE_SIGN_STYLE = Automatic;
				CURRENT_PROJECT_VERSION = 1;
				DEVELOPMENT_TEAM = 98R3GL2LW5;
				ENABLE_PREVIEWS = YES;
				GENERATE_INFOPLIST_FILE = YES;
				INFOPLIST_KEY_UIApplicationSceneManifest_Generation = YES;
				INFOPLIST_KEY_UIApplicationSupportsIndirectInputEvents = YES;
				INFOPLIST_KEY_UILaunchScreen_Generation = YES;
				INFOPLIST_KEY_UILaunchStoryboardName = "Launch Screen.storyboard";
				INFOPLIST_KEY_UISupportedInterfaceOrientations_iPad = "UIInterfaceOrientationPortrait UIInterfaceOrientationPortraitUpsideDown UIInterfaceOrientationLandscapeLeft UIInterfaceOrientationLandscapeRight";
				INFOPLIST_KEY_UISupportedInterfaceOrientations_iPhone = UIInterfaceOrientationPortrait;
				IPHONEOS_DEPLOYMENT_TARGET = 17.0;
				LD_RUNPATH_SEARCH_PATHS = (
					"$(inherited)",
					"@executable_path/Frameworks",
				);
				MARKETING_VERSION = 1.0;
				PRODUCT_BUNDLE_IDENTIFIER = ru.RacyFiend17.TripSchedule;
				PRODUCT_NAME = "$(TARGET_NAME)";
				STRING_CATALOG_GENERATE_SYMBOLS = YES;
				SUPPORTED_PLATFORMS = "iphoneos iphonesimulator";
				SUPPORTS_MACCATALYST = NO;
				SUPPORTS_MAC_DESIGNED_FOR_IPHONE_IPAD = NO;
				SUPPORTS_XR_DESIGNED_FOR_IPHONE_IPAD = NO;
				SWIFT_APPROACHABLE_CONCURRENCY = YES;
				SWIFT_DEFAULT_ACTOR_ISOLATION = MainActor;
				SWIFT_EMIT_LOC_STRINGS = YES;
				SWIFT_STRICT_CONCURRENCY = complete;
				SWIFT_UPCOMING_FEATURE_MEMBER_IMPORT_VISIBILITY = YES;
				SWIFT_VERSION = 5.0;
				TARGETED_DEVICE_FAMILY = 1;
			};
			name = Release;
		};
		3F56D0172F4F9F9200B73317 /* Debug */ = {
			isa = XCBuildConfiguration;
			buildSettings = {
				BUNDLE_LOADER = "$(TEST_HOST)";
				CODE_SIGN_STYLE = Automatic;
				CURRENT_PROJECT_VERSION = 1;
				DEVELOPMENT_TEAM = 98R3GL2LW5;
				GENERATE_INFOPLIST_FILE = YES;
				IPHONEOS_DEPLOYMENT_TARGET = 26.2;
				MARKETING_VERSION = 1.0;
				PRODUCT_BUNDLE_IDENTIFIER = ru.RacyFiend17.TripScheduleTests;
				PRODUCT_NAME = "$(TARGET_NAME)";
				STRING_CATALOG_GENERATE_SYMBOLS = NO;
				SWIFT_APPROACHABLE_CONCURRENCY = YES;
				SWIFT_EMIT_LOC_STRINGS = NO;
				SWIFT_UPCOMING_FEATURE_MEMBER_IMPORT_VISIBILITY = YES;
				SWIFT_VERSION = 5.0;
				TARGETED_DEVICE_FAMILY = "1,2";
				TEST_HOST = "$(BUILT_PRODUCTS_DIR)/TripSchedule.app/$(BUNDLE_EXECUTABLE_FOLDER_PATH)/TripSchedule";
			};
			name = Debug;
		};
		3F56D0182F4F9F9200B73317 /* Release */ = {
			isa = XCBuildConfiguration;
			buildSettings = {
				BUNDLE_LOADER = "$(TEST_HOST)";
				CODE_SIGN_STYLE = Automatic;
				CURRENT_PROJECT_VERSION = 1;
				DEVELOPMENT_TEAM = 98R3GL2LW5;
				GENERATE_INFOPLIST_FILE = YES;
				IPHONEOS_DEPLOYMENT_TARGET = 26.2;
				MARKETING_VERSION = 1.0;
				PRODUCT_BUNDLE_IDENTIFIER = ru.RacyFiend17.TripScheduleTests;
				PRODUCT_NAME = "$(TARGET_NAME)";
				STRING_CATALOG_GENERATE_SYMBOLS = NO;
				SWIFT_APPROACHABLE_CONCURRENCY = YES;
				SWIFT_EMIT_LOC_STRINGS = NO;
				SWIFT_UPCOMING_FEATURE_MEMBER_IMPORT_VISIBILITY = YES;
				SWIFT_VERSION = 5.0;
				TARGETED_DEVICE_FAMILY = "1,2";
				TEST_HOST = "$(BUILT_PRODUCTS_DIR)/TripSchedule.app/$(BUNDLE_EXECUTABLE_FOLDER_PATH)/TripSchedule";
			};
			name = Release;
		};
		3F56D01A2F4F9F9200B73317 /* Debug */ = {
			isa = XCBuildConfiguration;
			buildSettings = {
				CODE_SIGN_STYLE = Automatic;
				CURRENT_PROJECT_VERSION = 1;
				DEVELOPMENT_TEAM = 98R3GL2LW5;
				GENERATE_INFOPLIST_FILE = YES;
				MARKETING_VERSION = 1.0;
				PRODUCT_BUNDLE_IDENTIFIER = ru.RacyFiend17.TripScheduleUITests;
				PRODUCT_NAME = "$(TARGET_NAME)";
				STRING_CATALOG_GENERATE_SYMBOLS = NO;
				SWIFT_APPROACHABLE_CONCURRENCY = YES;
				SWIFT_EMIT_LOC_STRINGS = NO;
				SWIFT_UPCOMING_FEATURE_MEMBER_IMPORT_VISIBILITY = YES;
				SWIFT_VERSION = 5.0;
				TARGETED_DEVICE_FAMILY = "1,2";
				TEST_TARGET_NAME = TripSchedule;
			};
			name = Debug;
		};
		3F56D01B2F4F9F9200B73317 /* Release */ = {
			isa = XCBuildConfiguration;
			buildSettings = {
				CODE_SIGN_STYLE = Automatic;
				CURRENT_PROJECT_VERSION = 1;
				DEVELOPMENT_TEAM = 98R3GL2LW5;
				GENERATE_INFOPLIST_FILE = YES;
				MARKETING_VERSION = 1.0;
				PRODUCT_BUNDLE_IDENTIFIER = ru.RacyFiend17.TripScheduleUITests;
				PRODUCT_NAME = "$(TARGET_NAME)";
				STRING_CATALOG_GENERATE_SYMBOLS = NO;
				SWIFT_APPROACHABLE_CONCURRENCY = YES;
				SWIFT_EMIT_LOC_STRINGS = NO;
				SWIFT_UPCOMING_FEATURE_MEMBER_IMPORT_VISIBILITY = YES;
				SWIFT_VERSION = 5.0;
				TARGETED_DEVICE_FAMILY = "1,2";
				TEST_TARGET_NAME = TripSchedule;
			};
			name = Release;
		};
/* End XCBuildConfiguration section */

/* Begin XCConfigurationList section */
		3F56CFED2F4F9F9000B73317 /* Build configuration list for PBXProject "TripSchedule" */ = {
			isa = XCConfigurationList;
			buildConfigurations = (
				3F56D0112F4F9F9200B73317 /* Debug */,
				3F56D0122F4F9F9200B73317 /* Release */,
			);
			defaultConfigurationIsVisible = 0;
			defaultConfigurationName = Release;
		};
		3F56D0132F4F9F9200B73317 /* Build configuration list for PBXNativeTarget "TripSchedule" */ = {
			isa = XCConfigurationList;
			buildConfigurations = (
				3F56D0142F4F9F9200B73317 /* Debug */,
				3F56D0152F4F9F9200B73317 /* Release */,
			);
			defaultConfigurationIsVisible = 0;
			defaultConfigurationName = Release;
		};
		3F56D0162F4F9F9200B73317 /* Build configuration list for PBXNativeTarget "TripScheduleTests" */ = {
			isa = XCConfigurationList;
			buildConfigurations = (
				3F56D0172F4F9F9200B73317 /* Debug */,
				3F56D0182F4F9F9200B73317 /* Release */,
			);
			defaultConfigurationIsVisible = 0;
			defaultConfigurationName = Release;
		};
		3F56D0192F4F9F9200B73317 /* Build configuration list for PBXNativeTarget "TripScheduleUITests" */ = {
			isa = XCConfigurationList;
			buildConfigurations = (
				3F56D01A2F4F9F9200B73317 /* Debug */,
				3F56D01B2F4F9F9200B73317 /* Release */,
			);
			defaultConfigurationIsVisible = 0;
			defaultConfigurationName = Release;
		};
/* End XCConfigurationList section */

/* Begin XCRemoteSwiftPackageReference section */
		3F56D02D2F507EC700B73317 /* XCRemoteSwiftPackageReference "swift-openapi-runtime" */ = {
			isa = XCRemoteSwiftPackageReference;
			repositoryURL = "https://github.com/apple/swift-openapi-runtime";
			requirement = {
				kind = upToNextMajorVersion;
				minimumVersion = 1.10.1;
			};
		};
		3F56D0302F507EDF00B73317 /* XCRemoteSwiftPackageReference "swift-openapi-urlsession" */ = {
			isa = XCRemoteSwiftPackageReference;
			repositoryURL = "https://github.com/apple/swift-openapi-urlsession";
			requirement = {
				kind = upToNextMajorVersion;
				minimumVersion = 1.2.0;
			};
		};
		3F56D0332F507F2300B73317 /* XCRemoteSwiftPackageReference "swift-openapi-generator" */ = {
			isa = XCRemoteSwiftPackageReference;
			repositoryURL = "https://github.com/apple/swift-openapi-generator";
			requirement = {
				kind = upToNextMajorVersion;
				minimumVersion = 1.10.4;
			};
		};
		3F7432592F5FAE5100BEEA8B /* XCRemoteSwiftPackageReference "Kingfisher" */ = {
			isa = XCRemoteSwiftPackageReference;
			repositoryURL = "https://github.com/onevcat/Kingfisher";
			requirement = {
				kind = upToNextMajorVersion;
				minimumVersion = 8.8.0;
			};
		};
/* End XCRemoteSwiftPackageReference section */

/* Begin XCSwiftPackageProductDependency section */
		3F56D02E2F507EC700B73317 /* OpenAPIRuntime */ = {
			isa = XCSwiftPackageProductDependency;
			package = 3F56D02D2F507EC700B73317 /* XCRemoteSwiftPackageReference "swift-openapi-runtime" */;
			productName = OpenAPIRuntime;
		};
		3F56D0312F507EDF00B73317 /* OpenAPIURLSession */ = {
			isa = XCSwiftPackageProductDependency;
			package = 3F56D0302F507EDF00B73317 /* XCRemoteSwiftPackageReference "swift-openapi-urlsession" */;
			productName = OpenAPIURLSession;
		};
		3F56D0382F507F3D00B73317 /* OpenAPIGenerator */ = {
			isa = XCSwiftPackageProductDependency;
			package = 3F56D0332F507F2300B73317 /* XCRemoteSwiftPackageReference "swift-openapi-generator" */;
			productName = "plugin:OpenAPIGenerator";
		};
		3F74325A2F5FAE5200BEEA8B /* Kingfisher */ = {
			isa = XCSwiftPackageProductDependency;
			package = 3F7432592F5FAE5100BEEA8B /* XCRemoteSwiftPackageReference "Kingfisher" */;
			productName = Kingfisher;
		};
/* End XCSwiftPackageProductDependency section */
	};
	rootObject = 3F56CFEA2F4F9F9000B73317 /* Project object */;
}
